%{
  "dialyxir": {:hex, :dialyxir, "1.4.3", "edd0124f358f0b9e95bfe53a9fcf806d615d8f838e2202a9f430d59566b6b53b", [:mix], [{:erlex, ">= 0.2.6", [hex: :erlex, repo: "hexpm", optional: false]}], "hexpm", "bf2cfb75cd5c5006bec30141b131663299c661a864ec7fbbc72dfa557487a986"},
  "erlex": {:hex, :erlex, "0.2.7", "810e8725f96ab74d17aac676e748627a07bc87eb950d2b83acd29dc047a30595", [:mix], [], "hexpm", "3ed95f79d1a844c3f6bf0cea61e0d5612a42ce56da9c03f01df538685365efb0"},
  "kdtree": {:hex, :kdtree, "1.0.0", "17528e109498a1442e3cfe93f0d58ba8ccae1c05275645bc95cf7fe828b4d3bd", [:rebar3], [], "hexpm", "59b44222cb8575528a9613e0cbf69882115eba5bbef42448cc801177819f4f61"},
  "tree_map": {:git, "https://github.com/rugyoga/tree_map.git", "fe1e22f7a14d8cae04aea21ea3f5645997bb64a2", [tag: "0.3.0"]},
}
